
Microsoft Visual Studio Solution File, Format Version 12.00
# Visual Studio Version 16
VisualStudioVersion = 16.0.30114.105
MinimumVisualStudioVersion = 10.0.40219.1
Project("{FAE04EC0-301F-11D3-BF4B-00C04F79EFBC}") = "GTravel", "GTravel\GTravel.csproj", "{C6038C73-3932-4887-8D0F-DC5112717B71}"
EndProject
Project("{FAE04EC0-301F-11D3-BF4B-00C04F79EFBC}") = "GTravel.Domain", "GTravel.Domain\GTravel.Domain.csproj", "{3856614A-EE05-431B-B1DE-3D85FFA43EFC}"
EndProject
Global
	GlobalSection(SolutionConfigurationPlatforms) = preSolution
		Debug|Any CPU = Debug|Any CPU
		Release|Any CPU = Release|Any CPU
	EndGlobalSection
	GlobalSection(ProjectConfigurationPlatforms) = postSolution
		{C6038C73-3932-4887-8D0F-DC5112717B71}.Debug|Any CPU.ActiveCfg = Debug|Any CPU
		{C6038C73-3932-4887-8D0F-DC5112717B71}.Debug|Any CPU.Build.0 = Debug|Any CPU
		{C6038C73-3932-4887-8D0F-DC5112717B71}.Release|Any CPU.ActiveCfg = Release|Any CPU
		{C6038C73-3932-4887-8D0F-DC5112717B71}.Release|Any CPU.Build.0 = Release|Any CPU
		{3856614A-EE05-431B-B1DE-3D85FFA43EFC}.Debug|Any CPU.ActiveCfg = Debug|Any CPU
		{3856614A-EE05-431B-B1DE-3D85FFA43EFC}.Debug|Any CPU.Build.0 = Debug|Any CPU
		{3856614A-EE05-431B-B1DE-3D85FFA43EFC}.Release|Any CPU.ActiveCfg = Release|Any CPU
		{3856614A-EE05-431B-B1DE-3D85FFA43EFC}.Release|Any CPU.Build.0 = Release|Any CPU
	EndGlobalSection
	GlobalSection(SolutionProperties) = preSolution
		HideSolutionNode = FALSE
	EndGlobalSection
	GlobalSection(ExtensibilityGlobals) = postSolution
		SolutionGuid = {748DA9C3-4443-4BD5-B5CB-A4342ED82D83}
	EndGlobalSection
EndGlobal
